// !$*UTF8*$!
{
	archiveVersion = 1;
	classes = {
	};
	objectVersion = 48;
	objects = {

/* Begin PBXBuildFile section */
		3AE70AC1204380D6009516E2 /* AppDelegate.swift in Sources */ = {isa = PBXBuildFile; fileRef = 3AE70AC0204380D6009516E2 /* AppDelegate.swift */; };
		3AE70AC3204380D6009516E2 /* ViewController.swift in Sources */ = {isa = PBXBuildFile; fileRef = 3AE70AC2204380D6009516E2 /* ViewController.swift */; };
		3AE70AC6204380D6009516E2 /* Main.storyboard in Resources */ = {isa = PBXBuildFile; fileRef = 3AE70AC4204380D6009516E2 /* Main.storyboard */; };
		3AE70AC8204380D6009516E2 /* Assets.xcassets in Resources */ = {isa = PBXBuildFile; fileRef = 3AE70AC7204380D6009516E2 /* Assets.xcassets */; };
		3AE70ACB204380D6009516E2 /* LaunchScreen.storyboard in Resources */ = {isa = PBXBuildFile; fileRef = 3AE70AC9204380D6009516E2 /* LaunchScreen.storyboard */; };
		3AE70AD6204380D7009516E2 /* FoodieTests.swift in Sources */ = {isa = PBXBuildFile; fileRef = 3AE70AD5204380D7009516E2 /* FoodieTests.swift */; };
		3AE70AE1204380D7009516E2 /* FoodieUITests.swift in Sources */ = {isa = PBXBuildFile; fileRef = 3AE70AE0204380D7009516E2 /* FoodieUITests.swift */; };
		3AE70AF020438FFD009516E2 /* recipe.swift in Sources */ = {isa = PBXBuildFile; fileRef = 3AE70AEF20438FFD009516E2 /* recipe.swift */; };
		3AE70AF2204392F3009516E2 /* recipe_library.swift in Sources */ = {isa = PBXBuildFile; fileRef = 3AE70AF1204392F3009516E2 /* recipe_library.swift */; };
/* End PBXBuildFile section */

/* Begin PBXContainerItemProxy section */
		3AE70AD2204380D7009516E2 /* PBXContainerItemProxy */ = {
			isa = PBXContainerItemProxy;
			containerPortal = 3AE70AB5204380D6009516E2 /* Project object */;
			proxyType = 1;
			remoteGlobalIDString = 3AE70ABC204380D6009516E2;
			remoteInfo = Foodie;
		};
		3AE70ADD204380D7009516E2 /* PBXContainerItemProxy */ = {
			isa = PBXContainerItemProxy;
			containerPortal = 3AE70AB5204380D6009516E2 /* Project object */;
			proxyType = 1;
			remoteGlobalIDString = 3AE70ABC204380D6009516E2;
			remoteInfo = Foodie;
		};
/* End PBXContainerItemProxy section */

/* Begin PBXFileReference section */
		3AE70ABD204380D6009516E2 /* Foodie.app */ = {isa = PBXFileReference; explicitFileType = wrapper.application; includeInIndex = 0; path = Foodie.app; sourceTree = BUILT_PRODUCTS_DIR; };
		3AE70AC0204380D6009516E2 /* AppDelegate.swift */ = {isa = PBXFileReference; lastKnownFileType = sourcecode.swift; path = AppDelegate.swift; sourceTree = "<group>"; };
		3AE70AC2204380D6009516E2 /* ViewController.swift */ = {isa = PBXFileReference; lastKnownFileType = sourcecode.swift; path = ViewController.swift; sourceTree = "<group>"; };
		3AE70AC5204380D6009516E2 /* Base */ = {isa = PBXFileReference; lastKnownFileType = file.storyboard; name = Base; path = Base.lproj/Main.storyboard; sourceTree = "<group>"; };
		3AE70AC7204380D6009516E2 /* Assets.xcassets */ = {isa = PBXFileReference; lastKnownFileType = folder.assetcatalog; path = Assets.xcassets; sourceTree = "<group>"; };
		3AE70ACA204380D6009516E2 /* Base */ = {isa = PBXFileReference; lastKnownFileType = file.storyboard; name = Base; path = Base.lproj/LaunchScreen.storyboard; sourceTree = "<group>"; };
		3AE70ACC204380D6009516E2 /* Info.plist */ = {isa = PBXFileReference; lastKnownFileType = text.plist.xml; path = Info.plist; sourceTree = "<group>"; };
		3AE70AD1204380D7009516E2 /* FoodieTests.xctest */ = {isa = PBXFileReference; explicitFileType = wrapper.cfbundle; includeInIndex = 0; path = FoodieTests.xctest; sourceTree = BUILT_PRODUCTS_DIR; };
		3AE70AD5204380D7009516E2 /* FoodieTests.swift */ = {isa = PBXFileReference; lastKnownFileType = sourcecode.swift; path = FoodieTests.swift; sourceTree = "<group>"; };
		3AE70AD7204380D7009516E2 /* Info.plist */ = {isa = PBXFileReference; lastKnownFileType = text.plist.xml; path = Info.plist; sourceTree = "<group>"; };
		3AE70ADC204380D7009516E2 /* FoodieUITests.xctest */ = {isa = PBXFileReference; explicitFileType = wrapper.cfbundle; includeInIndex = 0; path = FoodieUITests.xctest; sourceTree = BUILT_PRODUCTS_DIR; };
		3AE70AE0204380D7009516E2 /* FoodieUITests.swift */ = {isa = PBXFileReference; lastKnownFileType = sourcecode.swift; path = FoodieUITests.swift; sourceTree = "<group>"; };
		3AE70AE2204380D7009516E2 /* Info.plist */ = {isa = PBXFileReference; lastKnownFileType = text.plist.xml; path = Info.plist; sourceTree = "<group>"; };
		3AE70AEF20438FFD009516E2 /* recipe.swift */ = {isa = PBXFileReference; lastKnownFileType = sourcecode.swift; path = recipe.swift; sourceTree = "<group>"; };
		3AE70AF1204392F3009516E2 /* recipe_library.swift */ = {isa = PBXFileReference; lastKnownFileType = sourcecode.swift; path = recipe_library.swift; sourceTree = "<group>"; };
/* End PBXFileReference section */

/* Begin PBXFrameworksBuildPhase section */
		3AE70ABA204380D6009516E2 /* Frameworks */ = {
			isa = PBXFrameworksBuildPhase;
			buildActionMask = 2147483647;
			files = (
			);
			runOnlyForDeploymentPostprocessing = 0;
		};
		3AE70ACE204380D7009516E2 /* Frameworks */ = {
			isa = PBXFrameworksBuildPhase;
			buildActionMask = 2147483647;
			files = (
			);
			runOnlyForDeploymentPostprocessing = 0;
		};
		3AE70AD9204380D7009516E2 /* Frameworks */ = {
			isa = PBXFrameworksBuildPhase;
			buildActionMask = 2147483647;
			files = (
			);
			runOnlyForDeploymentPostprocessing = 0;
		};
/* End PBXFrameworksBuildPhase section */

/* Begin PBXGroup section */
		3AE70AB4204380D6009516E2 = {
			isa = PBXGroup;
			children = (
				3AE70ABF204380D6009516E2 /* Foodie */,
				3AE70AD4204380D7009516E2 /* FoodieTests */,
				3AE70ADF204380D7009516E2 /* FoodieUITests */,
				3AE70ABE204380D6009516E2 /* Products */,
			);
			sourceTree = "<group>";
		};
		3AE70ABE204380D6009516E2 /* Products */ = {
			isa = PBXGroup;
			children = (
				3AE70ABD204380D6009516E2 /* Foodie.app */,
				3AE70AD1204380D7009516E2 /* FoodieTests.xctest */,
				3AE70ADC204380D7009516E2 /* FoodieUITests.xctest */,
			);
			name = Products;
			sourceTree = "<group>";
		};
		3AE70ABF204380D6009516E2 /* Foodie */ = {
			isa = PBXGroup;
			children = (
				3AE70AEE20438FE0009516E2 /* Module */,
				3AE70AC0204380D6009516E2 /* AppDelegate.swift */,
				3AE70AC2204380D6009516E2 /* ViewController.swift */,
				3AE70AC4204380D6009516E2 /* Main.storyboard */,
				3AE70AC7204380D6009516E2 /* Assets.xcassets */,
				3AE70AC9204380D6009516E2 /* LaunchScreen.storyboard */,
				3AE70ACC204380D6009516E2 /* Info.plist */,
			);
			path = Foodie;
			sourceTree = "<group>";
		};
		3AE70AD4204380D7009516E2 /* FoodieTests */ = {
			isa = PBXGroup;
			children = (
				3AE70AD5204380D7009516E2 /* FoodieTests.swift */,
				3AE70AD7204380D7009516E2 /* Info.plist */,
			);
			path = FoodieTests;
			sourceTree = "<group>";
		};
		3AE70ADF204380D7009516E2 /* FoodieUITests */ = {
			isa = PBXGroup;
			children = (
				3AE70AE0204380D7009516E2 /* FoodieUITests.swift */,
				3AE70AE2204380D7009516E2 /* Info.plist */,
			);
			path = FoodieUITests;
			sourceTree = "<group>";
		};
		3AE70AEE20438FE0009516E2 /* Module */ = {
			isa = PBXGroup;
			children = (
				3AE70AEF20438FFD009516E2 /* recipe.swift */,
				3AE70AF1204392F3009516E2 /* recipe_library.swift */,
			);
			path = Module;
			sourceTree = "<group>";
		};
/* End PBXGroup section */

/* Begin PBXNativeTarget section */
		3AE70ABC204380D6009516E2 /* Foodie */ = {
			isa = PBXNativeTarget;
			buildConfigurationList = 3AE70AE5204380D7009516E2 /* Build configuration list for PBXNativeTarget "Foodie" */;
			buildPhases = (
				3AE70AB9204380D6009516E2 /* Sources */,
				3AE70ABA204380D6009516E2 /* Frameworks */,
				3AE70ABB204380D6009516E2 /* Resources */,
			);
			buildRules = (
			);
			dependencies = (
			);
			name = Foodie;
			productName = Foodie;
			productReference = 3AE70ABD204380D6009516E2 /* Foodie.app */;
			productType = "com.apple.product-type.application";
		};
		3AE70AD0204380D7009516E2 /* FoodieTests */ = {
			isa = PBXNativeTarget;
			buildConfigurationList = 3AE70AE8204380D7009516E2 /* Build configuration list for PBXNativeTarget "FoodieTests" */;
			buildPhases = (
				3AE70ACD204380D7009516E2 /* Sources */,
				3AE70ACE204380D7009516E2 /* Frameworks */,
				3AE70ACF204380D7009516E2 /* Resources */,
			);
			buildRules = (
			);
			dependencies = (
				3AE70AD3204380D7009516E2 /* PBXTargetDependency */,
			);
			name = FoodieTests;
			productName = FoodieTests;
			productReference = 3AE70AD1204380D7009516E2 /* FoodieTests.xctest */;
			productType = "com.apple.product-type.bundle.unit-test";
		};
		3AE70ADB204380D7009516E2 /* FoodieUITests */ = {
			isa = PBXNativeTarget;
			buildConfigurationList = 3AE70AEB204380D7009516E2 /* Build configuration list for PBXNativeTarget "FoodieUITests" */;
			buildPhases = (
				3AE70AD8204380D7009516E2 /* Sources */,
				3AE70AD9204380D7009516E2 /* Frameworks */,
				3AE70ADA204380D7009516E2 /* Resources */,
			);
			buildRules = (
			);
			dependencies = (
				3AE70ADE204380D7009516E2 /* PBXTargetDependency */,
			);
			name = FoodieUITests;
			productName = FoodieUITests;
			productReference = 3AE70ADC204380D7009516E2 /* FoodieUITests.xctest */;
			productType = "com.apple.product-type.bundle.ui-testing";
		};
/* End PBXNativeTarget section */

/* Begin PBXProject section */
		3AE70AB5204380D6009516E2 /* Project object */ = {
			isa = PBXProject;
			attributes = {
				LastSwiftUpdateCheck = 0920;
				LastUpgradeCheck = 0920;
				ORGANIZATIONNAME = FZH;
				TargetAttributes = {
					3AE70ABC204380D6009516E2 = {
						CreatedOnToolsVersion = 9.2;
						ProvisioningStyle = Automatic;
					};
					3AE70AD0204380D7009516E2 = {
						CreatedOnToolsVersion = 9.2;
						ProvisioningStyle = Automatic;
						TestTargetID = 3AE70ABC204380D6009516E2;
					};
					3AE70ADB204380D7009516E2 = {
						CreatedOnToolsVersion = 9.2;
						ProvisioningStyle = Automatic;
						TestTargetID = 3AE70ABC204380D6009516E2;
					};
				};
			};
			buildConfigurationList = 3AE70AB8204380D6009516E2 /* Build configuration list for PBXProject "Foodie" */;
			compatibilityVersion = "Xcode 8.0";
			developmentRegion = en;
			hasScannedForEncodings = 0;
			knownRegions = (
				en,
				Base,
			);
			mainGroup = 3AE70AB4204380D6009516E2;
			productRefGroup = 3AE70ABE204380D6009516E2 /* Products */;
			projectDirPath = "";
			projectRoot = "";
			targets = (
				3AE70ABC204380D6009516E2 /* Foodie */,
				3AE70AD0204380D7009516E2 /* FoodieTests */,
				3AE70ADB204380D7009516E2 /* FoodieUITests */,
			);
		};
/* End PBXProject section */

/* Begin PBXResourcesBuildPhase section */
		3AE70ABB204380D6009516E2 /* Resources */ = {
			isa = PBXResourcesBuildPhase;
			buildActionMask = 2147483647;
			files = (
				3AE70ACB204380D6009516E2 /* LaunchScreen.storyboard in Resources */,
				3AE70AC8204380D6009516E2 /* Assets.xcassets in Resources */,
				3AE70AC6204380D6009516E2 /* Main.storyboard in Resources */,
			);
			runOnlyForDeploymentPostprocessing = 0;
		};
		3AE70ACF204380D7009516E2 /* Resources */ = {
			isa = PBXResourcesBuildPhase;
			buildActionMask = 2147483647;
			files = (
			);
			runOnlyForDeploymentPostprocessing = 0;
		};
		3AE70ADA204380D7009516E2 /* Resources */ = {
			isa = PBXResourcesBuildPhase;
			buildActionMask = 2147483647;
			files = (
			);
			runOnlyForDeploymentPostprocessing = 0;
		};
/* End PBXResourcesBuildPhase section */

/* Begin PBXSourcesBuildPhase section */
		3AE70AB9204380D6009516E2 /* Sources */ = {
			isa = PBXSourcesBuildPhase;
			buildActionMask = 2147483647;
			files = (
				3AE70AF020438FFD009516E2 /* recipe.swift in Sources */,
				3AE70AC3204380D6009516E2 /* ViewController.swift in Sources */,
				3AE70AC1204380D6009516E2 /* AppDelegate.swift in Sources */,
				3AE70AF2204392F3009516E2 /* recipe_library.swift in Sources */,
			);
			runOnlyForDeploymentPostprocessing = 0;
		};
		3AE70ACD204380D7009516E2 /* Sources */ = {
			isa = PBXSourcesBuildPhase;
			buildActionMask = 2147483647;
			files = (
				3AE70AD6204380D7009516E2 /* FoodieTests.swift in Sources */,
			);
			runOnlyForDeploymentPostprocessing = 0;
		};
		3AE70AD8204380D7009516E2 /* Sources */ = {
			isa = PBXSourcesBuildPhase;
			buildActionMask = 2147483647;
			files = (
				3AE70AE1204380D7009516E2 /* FoodieUITests.swift in Sources */,
			);
			runOnlyForDeploymentPostprocessing = 0;
		};
/* End PBXSourcesBuildPhase section */

/* Begin PBXTargetDependency section */
		3AE70AD3204380D7009516E2 /* PBXTargetDependency */ = {
			isa = PBXTargetDependency;
			target = 3AE70ABC204380D6009516E2 /* Foodie */;
			targetProxy = 3AE70AD2204380D7009516E2 /* PBXContainerItemProxy */;
		};
		3AE70ADE204380D7009516E2 /* PBXTargetDependency */ = {
			isa = PBXTargetDependency;
			target = 3AE70ABC204380D6009516E2 /* Foodie */;
			targetProxy = 3AE70ADD204380D7009516E2 /* PBXContainerItemProxy */;
		};
/* End PBXTargetDependency section */

/* Begin PBXVariantGroup section */
		3AE70AC4204380D6009516E2 /* Main.storyboard */ = {
			isa = PBXVariantGroup;
			children = (
				3AE70AC5204380D6009516E2 /* Base */,
			);
			name = Main.storyboard;
			sourceTree = "<group>";
		};
		3AE70AC9204380D6009516E2 /* LaunchScreen.storyboard */ = {
			isa = PBXVariantGroup;
			children = (
				3AE70ACA204380D6009516E2 /* Base */,
			);
			name = LaunchScreen.storyboard;
			sourceTree = "<group>";
		};
/* End PBXVariantGroup section */

/* Begin XCBuildConfiguration section */
		3AE70AE3204380D7009516E2 /* Debug */ = {
			isa = XCBuildConfiguration;
			buildSettings = {
				ALWAYS_SEARCH_USER_PATHS = NO;
				CLANG_ANALYZER_NONNULL = YES;
				CLANG_ANALYZER_NUMBER_OBJECT_CONVERSION = YES_AGGRESSIVE;
				CLANG_CXX_LANGUAGE_STANDARD = "gnu++14";
				CLANG_CXX_LIBRARY = "libc++";
				CLANG_ENABLE_MODULES = YES;
				CLANG_ENABLE_OBJC_ARC = YES;
				CLANG_WARN_BLOCK_CAPTURE_AUTORELEASING = YES;
				CLANG_WARN_BOOL_CONVERSION = YES;
				CLANG_WARN_COMMA = YES;
				CLANG_WARN_CONSTANT_CONVERSION = YES;
				CLANG_WARN_DIRECT_OBJC_ISA_USAGE = YES_ERROR;
				CLANG_WARN_DOCUMENTATION_COMMENTS = YES;
				CLANG_WARN_EMPTY_BODY = YES;
				CLANG_WARN_ENUM_CONVERSION = YES;
				CLANG_WARN_INFINITE_RECURSION = YES;
				CLANG_WARN_INT_CONVERSION = YES;
				CLANG_WARN_NON_LITERAL_NULL_CONVERSION = YES;
				CLANG_WARN_OBJC_LITERAL_CONVERSION = YES;
				CLANG_WARN_OBJC_ROOT_CLASS = YES_ERROR;
				CLANG_WARN_RANGE_LOOP_ANALYSIS = YES;
				CLANG_WARN_STRICT_PROTOTYPES = YES;
				CLANG_WARN_SUSPICIOUS_MOVE = YES;
				CLANG_WARN_UNGUARDED_AVAILABILITY = YES_AGGRESSIVE;
				CLANG_WARN_UNREACHABLE_CODE = YES;
				CLANG_WARN__DUPLICATE_METHOD_MATCH = YES;
				CODE_SIGN_IDENTITY = "iPhone Developer";
				COPY_PHASE_STRIP = NO;
				DEBUG_INFORMATION_FORMAT = dwarf;
				ENABLE_STRICT_OBJC_MSGSEND = YES;
				ENABLE_TESTABILITY = YES;
				GCC_C_LANGUAGE_STANDARD = gnu11;
				GCC_DYNAMIC_NO_PIC = NO;
				GCC_NO_COMMON_BLOCKS = YES;
				GCC_OPTIMIZATION_LEVEL = 0;
				GCC_PREPROCESSOR_DEFINITIONS = (
					"DEBUG=1",
					"$(inherited)",
				);
				GCC_WARN_64_TO_32_BIT_CONVERSION = YES;
				GCC_WARN_ABOUT_RETURN_TYPE = YES_ERROR;
				GCC_WARN_UNDECLARED_SELECTOR = YES;
				GCC_WARN_UNINITIALIZED_AUTOS = YES_AGGRESSIVE;
				GCC_WARN_UNUSED_FUNCTION = YES;
				GCC_WARN_UNUSED_VARIABLE = YES;
				IPHONEOS_DEPLOYMENT_TARGET = 11.2;
				MTL_ENABLE_DEBUG_INFO = YES;
				ONLY_ACTIVE_ARCH = YES;
				SDKROOT = iphoneos;
				SWIFT_ACTIVE_COMPILATION_CONDITIONS = DEBUG;
				SWIFT_OPTIMIZATION_LEVEL = "-Onone";
			};
			name = Debug;
		};
		3AE70AE4204380D7009516E2 /* Release */ = {
			isa = XCBuildConfiguration;
			buildSettings = {
				ALWAYS_SEARCH_USER_PATHS = NO;
				CLANG_ANALYZER_NONNULL = YES;
				CLANG_ANALYZER_NUMBER_OBJECT_CONVERSION = YES_AGGRESSIVE;
				CLANG_CXX_LANGUAGE_STANDARD = "gnu++14";
				CLANG_CXX_LIBRARY = "libc++";
				CLANG_ENABLE_MODULES = YES;
				CLANG_ENABLE_OBJC_ARC = YES;
				CLANG_WARN_BLOCK_CAPTURE_AUTORELEASING = YES;
				CLANG_WARN_BOOL_CONVERSION = YES;
				CLANG_WARN_COMMA = YES;
				CLANG_WARN_CONSTANT_CONVERSION = YES;
				CLANG_WARN_DIRECT_OBJC_ISA_USAGE = YES_ERROR;
				CLANG_WARN_DOCUMENTATION_COMMENTS = YES;
				CLANG_WARN_EMPTY_BODY = YES;
				CLANG_WARN_ENUM_CONVERSION = YES;
				CLANG_WARN_INFINITE_RECURSION = YES;
				CLANG_WARN_INT_CONVERSION = YES;
				CLANG_WARN_NON_LITERAL_NULL_CONVERSION = YES;
				CLANG_WARN_OBJC_LITERAL_CONVERSION = YES;
				CLANG_WARN_OBJC_ROOT_CLASS = YES_ERROR;
				CLANG_WARN_RANGE_LOOP_ANALYSIS = YES;
				CLANG_WARN_STRICT_PROTOTYPES = YES;
				CLANG_WARN_SUSPICIOUS_MOVE = YES;
				CLANG_WARN_UNGUARDED_AVAILABILITY = YES_AGGRESSIVE;
				CLANG_WARN_UNREACHABLE_CODE = YES;
				CLANG_WARN__DUPLICATE_METHOD_MATCH = YES;
				CODE_SIGN_IDENTITY = "iPhone Developer";
				COPY_PHASE_STRIP = NO;
				DEBUG_INFORMATION_FORMAT = "dwarf-with-dsym";
				ENABLE_NS_ASSERTIONS = NO;
				ENABLE_STRICT_OBJC_MSGSEND = YES;
				GCC_C_LANGUAGE_STANDARD = gnu11;
				GCC_NO_COMMON_BLOCKS = YES;
				GCC_WARN_64_TO_32_BIT_CONVERSION = YES;
				GCC_WARN_ABOUT_RETURN_TYPE = YES_ERROR;
				GCC_WARN_UNDECLARED_SELECTOR = YES;
				GCC_WARN_UNINITIALIZED_AUTOS = YES_AGGRESSIVE;
				GCC_WARN_UNUSED_FUNCTION = YES;
				GCC_WARN_UNUSED_VARIABLE = YES;
				IPHONEOS_DEPLOYMENT_TARGET = 11.2;
				MTL_ENABLE_DEBUG_INFO = NO;
				SDKROOT = iphoneos;
				SWIFT_OPTIMIZATION_LEVEL = "-Owholemodule";
				VALIDATE_PRODUCT = YES;
			};
			name = Release;
		};
		3AE70AE6204380D7009516E2 /* Debug */ = {
			isa = XCBuildConfiguration;
			buildSettings = {
				ASSETCATALOG_COMPILER_APPICON_NAME = AppIcon;
				CODE_SIGN_STYLE = Automatic;
				INFOPLIST_FILE = Foodie/Info.plist;
				LD_RUNPATH_SEARCH_PATHS = "$(inherited) @executable_path/Frameworks";
				PRODUCT_BUNDLE_IDENTIFIER = FZH.Foodie;
				PRODUCT_NAME = "$(TARGET_NAME)";
				SWIFT_VERSION = 4.0;
				TARGETED_DEVICE_FAMILY = "1,2";
			};
			name = Debug;
		};
		3AE70AE7204380D7009516E2 /* Release */ = {
			isa = XCBuildConfiguration;
			buildSettings = {
				ASSETCATALOG_COMPILER_APPICON_NAME = AppIcon;
				CODE_SIGN_STYLE = Automatic;
				INFOPLIST_FILE = Foodie/Info.plist;
				LD_RUNPATH_SEARCH_PATHS = "$(inherited) @executable_path/Frameworks";
				PRODUCT_BUNDLE_IDENTIFIER = FZH.Foodie;
				PRODUCT_NAME = "$(TARGET_NAME)";
				SWIFT_VERSION = 4.0;
				TARGETED_DEVICE_FAMILY = "1,2";
			};
			name = Release;
		};
		3AE70AE9204380D7009516E2 /* Debug */ = {
			isa = XCBuildConfiguration;
			buildSettings = {
				ALWAYS_EMBED_SWIFT_STANDARD_LIBRARIES = YES;
				BUNDLE_LOADER = "$(TEST_HOST)";
				CODE_SIGN_STYLE = Automatic;
				INFOPLIST_FILE = FoodieTests/Info.plist;
				LD_RUNPATH_SEARCH_PATHS = "$(inherited) @executable_path/Frameworks @loader_path/Frameworks";
				PRODUCT_BUNDLE_IDENTIFIER = FZH.FoodieTests;
				PRODUCT_NAME = "$(TARGET_NAME)";
				SWIFT_VERSION = 4.0;
				TARGETED_DEVICE_FAMILY = "1,2";
				TEST_HOST = "$(BUILT_PRODUCTS_DIR)/Foodie.app/Foodie";
			};
			name = Debug;
		};
		3AE70AEA204380D7009516E2 /* Release */ = {
			isa = XCBuildConfiguration;
			buildSettings = {
				ALWAYS_EMBED_SWIFT_STANDARD_LIBRARIES = YES;
				BUNDLE_LOADER = "$(TEST_HOST)";
				CODE_SIGN_STYLE = Automatic;
				INFOPLIST_FILE = FoodieTests/Info.plist;
				LD_RUNPATH_SEARCH_PATHS = "$(inherited) @executable_path/Frameworks @loader_path/Frameworks";
				PRODUCT_BUNDLE_IDENTIFIER = FZH.FoodieTests;
				PRODUCT_NAME = "$(TARGET_NAME)";
				SWIFT_VERSION = 4.0;
				TARGETED_DEVICE_FAMILY = "1,2";
				TEST_HOST = "$(BUILT_PRODUCTS_DIR)/Foodie.app/Foodie";
			};
			name = Release;
		};
		3AE70AEC204380D7009516E2 /* Debug */ = {
			isa = XCBuildConfiguration;
			buildSettings = {
				ALWAYS_EMBED_SWIFT_STANDARD_LIBRARIES = YES;
				CODE_SIGN_STYLE = Automatic;
				INFOPLIST_FILE = FoodieUITests/Info.plist;
				LD_RUNPATH_SEARCH_PATHS = "$(inherited) @executable_path/Frameworks @loader_path/Frameworks";
				PRODUCT_BUNDLE_IDENTIFIER = FZH.FoodieUITests;
				PRODUCT_NAME = "$(TARGET_NAME)";
				SWIFT_VERSION = 4.0;
				TARGETED_DEVICE_FAMILY = "1,2";
				TEST_TARGET_NAME = Foodie;
			};
			name = Debug;
		};
		3AE70AED204380D7009516E2 /* Release */ = {
			isa = XCBuildConfiguration;
			buildSettings = {
				ALWAYS_EMBED_SWIFT_STANDARD_LIBRARIES = YES;
				CODE_SIGN_STYLE = Automatic;
				INFOPLIST_FILE = FoodieUITests/Info.plist;
				LD_RUNPATH_SEARCH_PATHS = "$(inherited) @executable_path/Frameworks @loader_path/Frameworks";
				PRODUCT_BUNDLE_IDENTIFIER = FZH.FoodieUITests;
				PRODUCT_NAME = "$(TARGET_NAME)";
				SWIFT_VERSION = 4.0;
				TARGETED_DEVICE_FAMILY = "1,2";
				TEST_TARGET_NAME = Foodie;
			};
			name = Release;
		};
/* End XCBuildConfiguration section */

/* Begin XCConfigurationList section */
		3AE70AB8204380D6009516E2 /* Build configuration list for PBXProject "Foodie" */ = {
			isa = XCConfigurationList;
			buildConfigurations = (
				3AE70AE3204380D7009516E2 /* Debug */,
				3AE70AE4204380D7009516E2 /* Release */,
			);
			defaultConfigurationIsVisible = 0;
			defaultConfigurationName = Release;
		};
		3AE70AE5204380D7009516E2 /* Build configuration list for PBXNativeTarget "Foodie" */ = {
			isa = XCConfigurationList;
			buildConfigurations = (
				3AE70AE6204380D7009516E2 /* Debug */,
				3AE70AE7204380D7009516E2 /* Release */,
			);
			defaultConfigurationIsVisible = 0;
			defaultConfigurationName = Release;
		};
		3AE70AE8204380D7009516E2 /* Build configuration list for PBXNativeTarget "FoodieTests" */ = {
			isa = XCConfigurationList;
			buildConfigurations = (
				3AE70AE9204380D7009516E2 /* Debug */,
				3AE70AEA204380D7009516E2 /* Release */,
			);
			defaultConfigurationIsVisible = 0;
			defaultConfigurationName = Release;
		};
		3AE70AEB204380D7009516E2 /* Build configuration list for PBXNativeTarget "FoodieUITests" */ = {
			isa = XCConfigurationList;
			buildConfigurations = (
				3AE70AEC204380D7009516E2 /* Debug */,
				3AE70AED204380D7009516E2 /* Release */,
			);
			defaultConfigurationIsVisible = 0;
			defaultConfigurationName = Release;
		};
/* End XCConfigurationList section */
	};
	rootObject = 3AE70AB5204380D6009516E2 /* Project object */;
}
